
Microsoft Visual Studio Solution File, Format Version 12.00
# Visual Studio Version 16
VisualStudioVersion = 16.0.29609.76
MinimumVisualStudioVersion = 10.0.40219.1
Project("{FAE04EC0-301F-11D3-BF4B-00C04F79EFBC}") = "UPCInvisible", "UPCInvisible.csproj", "{FE39381F-D5FA-42C0-9E87-8FEFBC7478B6}"
EndProject
Global
	GlobalSection(SolutionConfigurationPlatforms) = preSolution
		Debug|Any CPU = Debug|Any CPU
		Release|Any CPU = Release|Any CPU
	EndGlobalSection
	GlobalSection(ProjectConfigurationPlatforms) = postSolution
		{FE39381F-D5FA-42C0-9E87-8FEFBC7478B6}.Debug|Any CPU.ActiveCfg = Debug|Any CPU
		{FE39381F-D5FA-42C0-9E87-8FEFBC7478B6}.Debug|Any CPU.Build.0 = Debug|Any CPU
		{FE39381F-D5FA-42C0-9E87-8FEFBC7478B6}.Release|Any CPU.ActiveCfg = Release|Any CPU
		{FE39381F-D5FA-42C0-9E87-8FEFBC7478B6}.Release|Any CPU.Build.0 = Release|Any CPU
	EndGlobalSection
	GlobalSection(SolutionProperties) = preSolution
		HideSolutionNode = FALSE
	EndGlobalSection
	GlobalSection(ExtensibilityGlobals) = postSolution
		SolutionGuid = {D5B23E7C-C455-4356-B717-31B1C619A6D5}
	EndGlobalSection
EndGlobal
